
Microsoft Visual Studio Solution File, Format Version 12.00
# Visual Studio Version 17
VisualStudioVersion = 17.14.36603.0 d17.14
MinimumVisualStudioVersion = 10.0.40219.1
Project("{FAE04EC0-301F-11D3-BF4B-00C04F79EFBC}") = "TechGadgetCollection", "TechGadgetCollection.csproj", "{B131B154-7F10-48E2-805A-15BD08FB64CC}"
EndProject
Global
	GlobalSection(SolutionConfigurationPlatforms) = preSolution
		Debug|Any CPU = Debug|Any CPU
		Release|Any CPU = Release|Any CPU
	EndGlobalSection
	GlobalSection(ProjectConfigurationPlatforms) = postSolution
		{B131B154-7F10-48E2-805A-15BD08FB64CC}.Debug|Any CPU.ActiveCfg = Debug|Any CPU
		{B131B154-7F10-48E2-805A-15BD08FB64CC}.Debug|Any CPU.Build.0 = Debug|Any CPU
		{B131B154-7F10-48E2-805A-15BD08FB64CC}.Release|Any CPU.ActiveCfg = Release|Any CPU
		{B131B154-7F10-48E2-805A-15BD08FB64CC}.Release|Any CPU.Build.0 = Release|Any CPU
	EndGlobalSection
	GlobalSection(SolutionProperties) = preSolution
		HideSolutionNode = FALSE
	EndGlobalSection
	GlobalSection(ExtensibilityGlobals) = postSolution
		SolutionGuid = {3D27943E-5F0D-45AA-A5C6-E0139A9712EF}
	EndGlobalSection
EndGlobal
